// !$*UTF8*$!
{
	archiveVersion = 1;
	classes = {
	};
	objectVersion = 51;
	objects = {

/* Begin PBXBuildFile section */
		0C373EB70A041935CB75395E /* Pods_Messenger.framework in Frameworks */ = {isa = PBXBuildFile; fileRef = 674880E0CFEC92B5A9C79E9C /* Pods_Messenger.framework */; };
		6F37690523F9F3FB00B139B9 /* LoginViewController.swift in Sources */ = {isa = PBXBuildFile; fileRef = 6F37690423F9F3FB00B139B9 /* LoginViewController.swift */; };
		6F5B5B7223C621B80072A20E /* AppDelegate.swift in Sources */ = {isa = PBXBuildFile; fileRef = 6F5B5B7123C621B80072A20E /* AppDelegate.swift */; };
		6F5B5B7423C621B80072A20E /* SceneDelegate.swift in Sources */ = {isa = PBXBuildFile; fileRef = 6F5B5B7323C621B80072A20E /* SceneDelegate.swift */; };
		6F5B5B7623C621B80072A20E /* ViewController.swift in Sources */ = {isa = PBXBuildFile; fileRef = 6F5B5B7523C621B80072A20E /* ViewController.swift */; };
		6F5B5B7923C621B80072A20E /* Main.storyboard in Resources */ = {isa = PBXBuildFile; fileRef = 6F5B5B7723C621B80072A20E /* Main.storyboard */; };
		6F5B5B7B23C621BA0072A20E /* Assets.xcassets in Resources */ = {isa = PBXBuildFile; fileRef = 6F5B5B7A23C621BA0072A20E /* Assets.xcassets */; };
		6F5B5B7E23C621BA0072A20E /* LaunchScreen.storyboard in Resources */ = {isa = PBXBuildFile; fileRef = 6F5B5B7C23C621BA0072A20E /* LaunchScreen.storyboard */; };
		6FDAED4023F9BC62006A1324 /* GoogleService-Info.plist in Resources */ = {isa = PBXBuildFile; fileRef = 6FDAED3F23F9BC62006A1324 /* GoogleService-Info.plist */; };
/* End PBXBuildFile section */

/* Begin PBXFileReference section */
		2527D47C159AAC55C74A91C7 /* Pods-Messenger.debug.xcconfig */ = {isa = PBXFileReference; includeInIndex = 1; lastKnownFileType = text.xcconfig; name = "Pods-Messenger.debug.xcconfig"; path = "Target Support Files/Pods-Messenger/Pods-Messenger.debug.xcconfig"; sourceTree = "<group>"; };
		674880E0CFEC92B5A9C79E9C /* Pods_Messenger.framework */ = {isa = PBXFileReference; explicitFileType = wrapper.framework; includeInIndex = 0; path = Pods_Messenger.framework; sourceTree = BUILT_PRODUCTS_DIR; };
		6F37690423F9F3FB00B139B9 /* LoginViewController.swift */ = {isa = PBXFileReference; lastKnownFileType = sourcecode.swift; path = LoginViewController.swift; sourceTree = "<group>"; };
		6F38E15823FB3731001BAC0D /* MontserratAlternates-ExtraLightItalic.otf */ = {isa = PBXFileReference; lastKnownFileType = file; name = "MontserratAlternates-ExtraLightItalic.otf"; path = "../../../montserrat/MontserratAlternates-ExtraLightItalic.otf"; sourceTree = "<group>"; };
		6F38E15923FB37BF001BAC0D /* Montserrat-ExtraLight.otf */ = {isa = PBXFileReference; lastKnownFileType = file; name = "Montserrat-ExtraLight.otf"; path = "../../../montserrat/Montserrat-ExtraLight.otf"; sourceTree = "<group>"; };
		6F5B5B6E23C621B80072A20E /* Messenger.app */ = {isa = PBXFileReference; explicitFileType = wrapper.application; includeInIndex = 0; path = Messenger.app; sourceTree = BUILT_PRODUCTS_DIR; };
		6F5B5B7123C621B80072A20E /* AppDelegate.swift */ = {isa = PBXFileReference; lastKnownFileType = sourcecode.swift; path = AppDelegate.swift; sourceTree = "<group>"; };
		6F5B5B7323C621B80072A20E /* SceneDelegate.swift */ = {isa = PBXFileReference; lastKnownFileType = sourcecode.swift; path = SceneDelegate.swift; sourceTree = "<group>"; };
		6F5B5B7523C621B80072A20E /* ViewController.swift */ = {isa = PBXFileReference; lastKnownFileType = sourcecode.swift; path = ViewController.swift; sourceTree = "<group>"; };
		6F5B5B7823C621B80072A20E /* Base */ = {isa = PBXFileReference; lastKnownFileType = file.storyboard; name = Base; path = Base.lproj/Main.storyboard; sourceTree = "<group>"; };
		6F5B5B7A23C621BA0072A20E /* Assets.xcassets */ = {isa = PBXFileReference; lastKnownFileType = folder.assetcatalog; path = Assets.xcassets; sourceTree = "<group>"; };
		6F5B5B7D23C621BA0072A20E /* Base */ = {isa = PBXFileReference; lastKnownFileType = file.storyboard; name = Base; path = Base.lproj/LaunchScreen.storyboard; sourceTree = "<group>"; };
		6F5B5B7F23C621BA0072A20E /* Info.plist */ = {isa = PBXFileReference; lastKnownFileType = text.plist.xml; path = Info.plist; sourceTree = "<group>"; };
		6FD799CE23FB11FA00F985AF /* MontserratAlternates-ExtraLight.otf */ = {isa = PBXFileReference; lastKnownFileType = file; name = "MontserratAlternates-ExtraLight.otf"; path = "../../montserrat/MontserratAlternates-ExtraLight.otf"; sourceTree = "<group>"; };
		6FDAED3F23F9BC62006A1324 /* GoogleService-Info.plist */ = {isa = PBXFileReference; lastKnownFileType = text.plist; path = "GoogleService-Info.plist"; sourceTree = SOURCE_ROOT; };
		FC96B4FD5622CF839C13025E /* Pods-Messenger.release.xcconfig */ = {isa = PBXFileReference; includeInIndex = 1; lastKnownFileType = text.xcconfig; name = "Pods-Messenger.release.xcconfig"; path = "Target Support Files/Pods-Messenger/Pods-Messenger.release.xcconfig"; sourceTree = "<group>"; };
/* End PBXFileReference section */

/* Begin PBXFrameworksBuildPhase section */
		6F5B5B6B23C621B80072A20E /* Frameworks */ = {
			isa = PBXFrameworksBuildPhase;
			buildActionMask = 2147483647;
			files = (
				0C373EB70A041935CB75395E /* Pods_Messenger.framework in Frameworks */,
			);
			runOnlyForDeploymentPostprocessing = 0;
		};
/* End PBXFrameworksBuildPhase section */

/* Begin PBXGroup section */
		4C672A683F78DDFE7121B686 /* Frameworks */ = {
			isa = PBXGroup;
			children = (
				674880E0CFEC92B5A9C79E9C /* Pods_Messenger.framework */,
			);
			name = Frameworks;
			sourceTree = "<group>";
		};
		6F5B5B6523C621B80072A20E = {
			isa = PBXGroup;
			children = (
				6F5B5B7023C621B80072A20E /* Messenger */,
				6F5B5B6F23C621B80072A20E /* Products */,
				C43C98386E5B5C4F56F723CD /* Pods */,
				4C672A683F78DDFE7121B686 /* Frameworks */,
			);
			sourceTree = "<group>";
		};
		6F5B5B6F23C621B80072A20E /* Products */ = {
			isa = PBXGroup;
			children = (
				6F5B5B6E23C621B80072A20E /* Messenger.app */,
			);
			name = Products;
			sourceTree = "<group>";
		};
		6F5B5B7023C621B80072A20E /* Messenger */ = {
			isa = PBXGroup;
			children = (
				6F5B5B7123C621B80072A20E /* AppDelegate.swift */,
				6F5B5B7323C621B80072A20E /* SceneDelegate.swift */,
				6F5B5B7523C621B80072A20E /* ViewController.swift */,
				6F37690423F9F3FB00B139B9 /* LoginViewController.swift */,
				6F5B5B7723C621B80072A20E /* Main.storyboard */,
				6F5B5B7A23C621BA0072A20E /* Assets.xcassets */,
				6FDAED3F23F9BC62006A1324 /* GoogleService-Info.plist */,
				6F5B5B7C23C621BA0072A20E /* LaunchScreen.storyboard */,
				6F5B5B7F23C621BA0072A20E /* Info.plist */,
				6FD799CD23FB11A300F985AF /* Fonts */,
			);
			path = Messenger;
			sourceTree = "<group>";
		};
		6FD799CD23FB11A300F985AF /* Fonts */ = {
			isa = PBXGroup;
			children = (
				6F38E15823FB3731001BAC0D /* MontserratAlternates-ExtraLightItalic.otf */,
				6F38E15923FB37BF001BAC0D /* Montserrat-ExtraLight.otf */,
				6FD799CE23FB11FA00F985AF /* MontserratAlternates-ExtraLight.otf */,
			);
			path = Fonts;
			sourceTree = "<group>";
		};
		C43C98386E5B5C4F56F723CD /* Pods */ = {
			isa = PBXGroup;
			children = (
				2527D47C159AAC55C74A91C7 /* Pods-Messenger.debug.xcconfig */,
				FC96B4FD5622CF839C13025E /* Pods-Messenger.release.xcconfig */,
			);
			path = Pods;
			sourceTree = "<group>";
		};
/* End PBXGroup section */

/* Begin PBXNativeTarget section */
		6F5B5B6D23C621B80072A20E /* Messenger */ = {
			isa = PBXNativeTarget;
			buildConfigurationList = 6F5B5B8223C621BA0072A20E /* Build configuration list for PBXNativeTarget "Messenger" */;
			buildPhases = (
				143F8175BEDC337D58E8C6EB /* [CP] Check Pods Manifest.lock */,
				6F5B5B6A23C621B80072A20E /* Sources */,
				6F5B5B6B23C621B80072A20E /* Frameworks */,
				6F5B5B6C23C621B80072A20E /* Resources */,
				7E680D59F0AB35C378570B9E /* [CP] Embed Pods Frameworks */,
				B47A9EF6EBA0FF08CC1D2CAE /* [CP] Copy Pods Resources */,
			);
			buildRules = (
			);
			dependencies = (
			);
			name = Messenger;
			productName = Messenger;
			productReference = 6F5B5B6E23C621B80072A20E /* Messenger.app */;
			productType = "com.apple.product-type.application";
		};
/* End PBXNativeTarget section */

/* Begin PBXProject section */
		6F5B5B6623C621B80072A20E /* Project object */ = {
			isa = PBXProject;
			attributes = {
				LastSwiftUpdateCheck = 1110;
				LastUpgradeCheck = 1110;
				ORGANIZATIONNAME = Dawid;
				TargetAttributes = {
					6F5B5B6D23C621B80072A20E = {
						CreatedOnToolsVersion = 11.1;
					};
				};
			};
			buildConfigurationList = 6F5B5B6923C621B80072A20E /* Build configuration list for PBXProject "Messenger" */;
			compatibilityVersion = "Xcode 9.3";
			developmentRegion = en;
			hasScannedForEncodings = 0;
			knownRegions = (
				en,
				Base,
			);
			mainGroup = 6F5B5B6523C621B80072A20E;
			productRefGroup = 6F5B5B6F23C621B80072A20E /* Products */;
			projectDirPath = "";
			projectRoot = "";
			targets = (
				6F5B5B6D23C621B80072A20E /* Messenger */,
			);
		};
/* End PBXProject section */

/* Begin PBXResourcesBuildPhase section */
		6F5B5B6C23C621B80072A20E /* Resources */ = {
			isa = PBXResourcesBuildPhase;
			buildActionMask = 2147483647;
			files = (
				6F5B5B7E23C621BA0072A20E /* LaunchScreen.storyboard in Resources */,
				6FDAED4023F9BC62006A1324 /* GoogleService-Info.plist in Resources */,
				6F5B5B7B23C621BA0072A20E /* Assets.xcassets in Resources */,
				6F5B5B7923C621B80072A20E /* Main.storyboard in Resources */,
			);
			runOnlyForDeploymentPostprocessing = 0;
		};
/* End PBXResourcesBuildPhase section */

/* Begin PBXShellScriptBuildPhase section */
		143F8175BEDC337D58E8C6EB /* [CP] Check Pods Manifest.lock */ = {
			isa = PBXShellScriptBuildPhase;
			buildActionMask = 2147483647;
			files = (
			);
			inputFileListPaths = (
			);
			inputPaths = (
				"${PODS_PODFILE_DIR_PATH}/Podfile.lock",
				"${PODS_ROOT}/Manifest.lock",
			);
			name = "[CP] Check Pods Manifest.lock";
			outputFileListPaths = (
			);
			outputPaths = (
				"$(DERIVED_FILE_DIR)/Pods-Messenger-checkManifestLockResult.txt",
			);
			runOnlyForDeploymentPostprocessing = 0;
			shellPath = /bin/sh;
			shellScript = "diff \"${PODS_PODFILE_DIR_PATH}/Podfile.lock\" \"${PODS_ROOT}/Manifest.lock\" > /dev/null\nif [ $? != 0 ] ; then\n    # print error to STDERR\n    echo \"error: The sandbox is not in sync with the Podfile.lock. Run 'pod install' or update your CocoaPods installation.\" >&2\n    exit 1\nfi\n# This output is used by Xcode 'outputs' to avoid re-running this script phase.\necho \"SUCCESS\" > \"${SCRIPT_OUTPUT_FILE_0}\"\n";
			showEnvVarsInLog = 0;
		};
		7E680D59F0AB35C378570B9E /* [CP] Embed Pods Frameworks */ = {
			isa = PBXShellScriptBuildPhase;
			buildActionMask = 2147483647;
			files = (
			);
			inputFileListPaths = (
				"${PODS_ROOT}/Target Support Files/Pods-Messenger/Pods-Messenger-frameworks-${CONFIGURATION}-input-files.xcfilelist",
			);
			name = "[CP] Embed Pods Frameworks";
			outputFileListPaths = (
				"${PODS_ROOT}/Target Support Files/Pods-Messenger/Pods-Messenger-frameworks-${CONFIGURATION}-output-files.xcfilelist",
			);
			runOnlyForDeploymentPostprocessing = 0;
			shellPath = /bin/sh;
			shellScript = "\"${PODS_ROOT}/Target Support Files/Pods-Messenger/Pods-Messenger-frameworks.sh\"\n";
			showEnvVarsInLog = 0;
		};
		B47A9EF6EBA0FF08CC1D2CAE /* [CP] Copy Pods Resources */ = {
			isa = PBXShellScriptBuildPhase;
			buildActionMask = 2147483647;
			files = (
			);
			inputFileListPaths = (
				"${PODS_ROOT}/Target Support Files/Pods-Messenger/Pods-Messenger-resources-${CONFIGURATION}-input-files.xcfilelist",
			);
			name = "[CP] Copy Pods Resources";
			outputFileListPaths = (
				"${PODS_ROOT}/Target Support Files/Pods-Messenger/Pods-Messenger-resources-${CONFIGURATION}-output-files.xcfilelist",
			);
			runOnlyForDeploymentPostprocessing = 0;
			shellPath = /bin/sh;
			shellScript = "\"${PODS_ROOT}/Target Support Files/Pods-Messenger/Pods-Messenger-resources.sh\"\n";
			showEnvVarsInLog = 0;
		};
/* End PBXShellScriptBuildPhase section */

/* Begin PBXSourcesBuildPhase section */
		6F5B5B6A23C621B80072A20E /* Sources */ = {
			isa = PBXSourcesBuildPhase;
			buildActionMask = 2147483647;
			files = (
				6F37690523F9F3FB00B139B9 /* LoginViewController.swift in Sources */,
				6F5B5B7623C621B80072A20E /* ViewController.swift in Sources */,
				6F5B5B7223C621B80072A20E /* AppDelegate.swift in Sources */,
				6F5B5B7423C621B80072A20E /* SceneDelegate.swift in Sources */,
			);
			runOnlyForDeploymentPostprocessing = 0;
		};
/* End PBXSourcesBuildPhase section */

/* Begin PBXVariantGroup section */
		6F5B5B7723C621B80072A20E /* Main.storyboard */ = {
			isa = PBXVariantGroup;
			children = (
				6F5B5B7823C621B80072A20E /* Base */,
			);
			name = Main.storyboard;
			sourceTree = "<group>";
		};
		6F5B5B7C23C621BA0072A20E /* LaunchScreen.storyboard */ = {
			isa = PBXVariantGroup;
			children = (
				6F5B5B7D23C621BA0072A20E /* Base */,
			);
			name = LaunchScreen.storyboard;
			sourceTree = "<group>";
		};
/* End PBXVariantGroup section */

/* Begin XCBuildConfiguration section */
		6F5B5B8023C621BA0072A20E /* Debug */ = {
			isa = XCBuildConfiguration;
			buildSettings = {
				ALWAYS_SEARCH_USER_PATHS = NO;
				CLANG_ANALYZER_NONNULL = YES;
				CLANG_ANALYZER_NUMBER_OBJECT_CONVERSION = YES_AGGRESSIVE;
				CLANG_CXX_LANGUAGE_STANDARD = "gnu++14";
				CLANG_CXX_LIBRARY = "libc++";
				CLANG_ENABLE_MODULES = YES;
				CLANG_ENABLE_OBJC_ARC = YES;
				CLANG_ENABLE_OBJC_WEAK = YES;
				CLANG_WARN_BLOCK_CAPTURE_AUTORELEASING = YES;
				CLANG_WARN_BOOL_CONVERSION = YES;
				CLANG_WARN_COMMA = YES;
				CLANG_WARN_CONSTANT_CONVERSION = YES;
				CLANG_WARN_DEPRECATED_OBJC_IMPLEMENTATIONS = YES;
				CLANG_WARN_DIRECT_OBJC_ISA_USAGE = YES_ERROR;
				CLANG_WARN_DOCUMENTATION_COMMENTS = YES;
				CLANG_WARN_EMPTY_BODY = YES;
				CLANG_WARN_ENUM_CONVERSION = YES;
				CLANG_WARN_INFINITE_RECURSION = YES;
				CLANG_WARN_INT_CONVERSION = YES;
				CLANG_WARN_NON_LITERAL_NULL_CONVERSION = YES;
				CLANG_WARN_OBJC_IMPLICIT_RETAIN_SELF = YES;
				CLANG_WARN_OBJC_LITERAL_CONVERSION = YES;
				CLANG_WARN_OBJC_ROOT_CLASS = YES_ERROR;
				CLANG_WARN_RANGE_LOOP_ANALYSIS = YES;
				CLANG_WARN_STRICT_PROTOTYPES = YES;
				CLANG_WARN_SUSPICIOUS_MOVE = YES;
				CLANG_WARN_UNGUARDED_AVAILABILITY = YES_AGGRESSIVE;
				CLANG_WARN_UNREACHABLE_CODE = YES;
				CLANG_WARN__DUPLICATE_METHOD_MATCH = YES;
				COPY_PHASE_STRIP = NO;
				DEBUG_INFORMATION_FORMAT = dwarf;
				ENABLE_STRICT_OBJC_MSGSEND = YES;
				ENABLE_TESTABILITY = YES;
				GCC_C_LANGUAGE_STANDARD = gnu11;
				GCC_DYNAMIC_NO_PIC = NO;
				GCC_NO_COMMON_BLOCKS = YES;
				GCC_OPTIMIZATION_LEVEL = 0;
				GCC_PREPROCESSOR_DEFINITIONS = (
					"DEBUG=1",
					"$(inherited)",
				);
				GCC_WARN_64_TO_32_BIT_CONVERSION = YES;
				GCC_WARN_ABOUT_RETURN_TYPE = YES_ERROR;
				GCC_WARN_UNDECLARED_SELECTOR = YES;
				GCC_WARN_UNINITIALIZED_AUTOS = YES_AGGRESSIVE;
				GCC_WARN_UNUSED_FUNCTION = YES;
				GCC_WARN_UNUSED_VARIABLE = YES;
				IPHONEOS_DEPLOYMENT_TARGET = 13.1;
				MTL_ENABLE_DEBUG_INFO = INCLUDE_SOURCE;
				MTL_FAST_MATH = YES;
				ONLY_ACTIVE_ARCH = YES;
				SDKROOT = iphoneos;
				SWIFT_ACTIVE_COMPILATION_CONDITIONS = DEBUG;
				SWIFT_OPTIMIZATION_LEVEL = "-Onone";
			};
			name = Debug;
		};
		6F5B5B8123C621BA0072A20E /* Release */ = {
			isa = XCBuildConfiguration;
			buildSettings = {
				ALWAYS_SEARCH_USER_PATHS = NO;
				CLANG_ANALYZER_NONNULL = YES;
				CLANG_ANALYZER_NUMBER_OBJECT_CONVERSION = YES_AGGRESSIVE;
				CLANG_CXX_LANGUAGE_STANDARD = "gnu++14";
				CLANG_CXX_LIBRARY = "libc++";
				CLANG_ENABLE_MODULES = YES;
				CLANG_ENABLE_OBJC_ARC = YES;
				CLANG_ENABLE_OBJC_WEAK = YES;
				CLANG_WARN_BLOCK_CAPTURE_AUTORELEASING = YES;
				CLANG_WARN_BOOL_CONVERSION = YES;
				CLANG_WARN_COMMA = YES;
				CLANG_WARN_CONSTANT_CONVERSION = YES;
				CLANG_WARN_DEPRECATED_OBJC_IMPLEMENTATIONS = YES;
				CLANG_WARN_DIRECT_OBJC_ISA_USAGE = YES_ERROR;
				CLANG_WARN_DOCUMENTATION_COMMENTS = YES;
				CLANG_WARN_EMPTY_BODY = YES;
				CLANG_WARN_ENUM_CONVERSION = YES;
				CLANG_WARN_INFINITE_RECURSION = YES;
				CLANG_WARN_INT_CONVERSION = YES;
				CLANG_WARN_NON_LITERAL_NULL_CONVERSION = YES;
				CLANG_WARN_OBJC_IMPLICIT_RETAIN_SELF = YES;
				CLANG_WARN_OBJC_LITERAL_CONVERSION = YES;
				CLANG_WARN_OBJC_ROOT_CLASS = YES_ERROR;
				CLANG_WARN_RANGE_LOOP_ANALYSIS = YES;
				CLANG_WARN_STRICT_PROTOTYPES = YES;
				CLANG_WARN_SUSPICIOUS_MOVE = YES;
				CLANG_WARN_UNGUARDED_AVAILABILITY = YES_AGGRESSIVE;
				CLANG_WARN_UNREACHABLE_CODE = YES;
				CLANG_WARN__DUPLICATE_METHOD_MATCH = YES;
				COPY_PHASE_STRIP = NO;
				DEBUG_INFORMATION_FORMAT = "dwarf-with-dsym";
				ENABLE_NS_ASSERTIONS = NO;
				ENABLE_STRICT_OBJC_MSGSEND = YES;
				GCC_C_LANGUAGE_STANDARD = gnu11;
				GCC_NO_COMMON_BLOCKS = YES;
				GCC_WARN_64_TO_32_BIT_CONVERSION = YES;
				GCC_WARN_ABOUT_RETURN_TYPE = YES_ERROR;
				GCC_WARN_UNDECLARED_SELECTOR = YES;
				GCC_WARN_UNINITIALIZED_AUTOS = YES_AGGRESSIVE;
				GCC_WARN_UNUSED_FUNCTION = YES;
				GCC_WARN_UNUSED_VARIABLE = YES;
				IPHONEOS_DEPLOYMENT_TARGET = 13.1;
				MTL_ENABLE_DEBUG_INFO = NO;
				MTL_FAST_MATH = YES;
				SDKROOT = iphoneos;
				SWIFT_COMPILATION_MODE = wholemodule;
				SWIFT_OPTIMIZATION_LEVEL = "-O";
				VALIDATE_PRODUCT = YES;
			};
			name = Release;
		};
		6F5B5B8323C621BA0072A20E /* Debug */ = {
			isa = XCBuildConfiguration;
			baseConfigurationReference = 2527D47C159AAC55C74A91C7 /* Pods-Messenger.debug.xcconfig */;
			buildSettings = {
				ASSETCATALOG_COMPILER_APPICON_NAME = AppIcon;
				CODE_SIGN_STYLE = Automatic;
				DEVELOPMENT_TEAM = J94G6KLZC2;
				INFOPLIST_FILE = Messenger/Info.plist;
				LD_RUNPATH_SEARCH_PATHS = (
					"$(inherited)",
					"@executable_path/Frameworks",
				);
				PRODUCT_BUNDLE_IDENTIFIER = dawid.Messenger;
				PRODUCT_NAME = "$(TARGET_NAME)";
				SWIFT_VERSION = 5.0;
				TARGETED_DEVICE_FAMILY = "1,2";
			};
			name = Debug;
		};
		6F5B5B8423C621BA0072A20E /* Release */ = {
			isa = XCBuildConfiguration;
			baseConfigurationReference = FC96B4FD5622CF839C13025E /* Pods-Messenger.release.xcconfig */;
			buildSettings = {
				ASSETCATALOG_COMPILER_APPICON_NAME = AppIcon;
				CODE_SIGN_STYLE = Automatic;
				DEVELOPMENT_TEAM = J94G6KLZC2;
				INFOPLIST_FILE = Messenger/Info.plist;
				LD_RUNPATH_SEARCH_PATHS = (
					"$(inherited)",
					"@executable_path/Frameworks",
				);
				PRODUCT_BUNDLE_IDENTIFIER = dawid.Messenger;
				PRODUCT_NAME = "$(TARGET_NAME)";
				SWIFT_VERSION = 5.0;
				TARGETED_DEVICE_FAMILY = "1,2";
			};
			name = Release;
		};
/* End XCBuildConfiguration section */

/* Begin XCConfigurationList section */
		6F5B5B6923C621B80072A20E /* Build configuration list for PBXProject "Messenger" */ = {
			isa = XCConfigurationList;
			buildConfigurations = (
				6F5B5B8023C621BA0072A20E /* Debug */,
				6F5B5B8123C621BA0072A20E /* Release */,
			);
			defaultConfigurationIsVisible = 0;
			defaultConfigurationName = Release;
		};
		6F5B5B8223C621BA0072A20E /* Build configuration list for PBXNativeTarget "Messenger" */ = {
			isa = XCConfigurationList;
			buildConfigurations = (
				6F5B5B8323C621BA0072A20E /* Debug */,
				6F5B5B8423C621BA0072A20E /* Release */,
			);
			defaultConfigurationIsVisible = 0;
			defaultConfigurationName = Release;
		};
/* End XCConfigurationList section */
	};
	rootObject = 6F5B5B6623C621B80072A20E /* Project object */;
}
